
Microsoft Visual Studio Solution File, Format Version 12.00
# Visual Studio Version 17
VisualStudioVersion = 17.12.35707.178
MinimumVisualStudioVersion = 10.0.40219.1
Project("{2150E333-8FDC-42A3-9474-1A3956D46DE8}") = "Services", "Services", "{46F35956-AA2F-462F-9E0E-695CA44755EF}"
EndProject
Project("{2150E333-8FDC-42A3-9474-1A3956D46DE8}") = "Catalog", "Catalog", "{ED8DCEF5-E01F-4774-A034-9EA24C3D3D08}"
EndProject
Project("{FAE04EC0-301F-11D3-BF4B-00C04F79EFBC}") = "MultiShop.Catalog", "Services\Catalog\MultiShop.Catalog\MultiShop.Catalog.csproj", "{4BC610C4-185C-4A20-B833-FD67ADE7A8D8}"
EndProject
Project("{2150E333-8FDC-42A3-9474-1A3956D46DE8}") = "Discount", "Discount", "{06E6FAF6-B851-4541-A2A1-8EF62508E8D1}"
EndProject
Project("{FAE04EC0-301F-11D3-BF4B-00C04F79EFBC}") = "MultiShop.Discount", "Services\Discount\MultiShop.Discount\MultiShop.Discount.csproj", "{EC46DD8E-1E01-43FE-9861-9E3773F16308}"
EndProject
Project("{2150E333-8FDC-42A3-9474-1A3956D46DE8}") = "Order", "Order", "{AA6BA4A3-2C81-431D-B673-40DD72392324}"
EndProject
Project("{2150E333-8FDC-42A3-9474-1A3956D46DE8}") = "Core", "Core", "{D99001C7-0652-4BFD-901C-45984B432348}"
EndProject
Project("{2150E333-8FDC-42A3-9474-1A3956D46DE8}") = "Infrastructure", "Infrastructure", "{CBC99C8E-FF02-420C-A610-7F337FC8908D}"
EndProject
Project("{2150E333-8FDC-42A3-9474-1A3956D46DE8}") = "Presentation", "Presentation", "{7BB772F7-003F-4060-A634-7FFC409D0278}"
EndProject
Project("{FAE04EC0-301F-11D3-BF4B-00C04F79EFBC}") = "MultiShop.Order.Domain", "Services\Order\Core\MultiShop.Order.Domain\MultiShop.Order.Domain.csproj", "{D93BD403-A8EC-483B-B07C-79B89E56F9E7}"
EndProject
Project("{FAE04EC0-301F-11D3-BF4B-00C04F79EFBC}") = "MultiShop.Order.Application", "Services\Core\MultiShop.Order.Application\MultiShop.Order.Application.csproj", "{BCFC7F80-3D7C-451F-9CFC-806F9F8DACEE}"
EndProject
Project("{FAE04EC0-301F-11D3-BF4B-00C04F79EFBC}") = "MultiShop.Order.Persistence", "Order\Infrastructure\MultiShop.Order.Persistence\MultiShop.Order.Persistence.csproj", "{F994225E-4C6A-4AD6-84D4-98D23FC70AE2}"
EndProject
Project("{FAE04EC0-301F-11D3-BF4B-00C04F79EFBC}") = "MultiShop.Order.WebApi", "Order\Presentation\MultiShop.Order.WebApi\MultiShop.Order.WebApi.csproj", "{B0CD8B0A-781E-4E4F-9C1B-E705FF8BE734}"
EndProject
Global
	GlobalSection(SolutionConfigurationPlatforms) = preSolution
		Debug|Any CPU = Debug|Any CPU
		Release|Any CPU = Release|Any CPU
	EndGlobalSection
	GlobalSection(ProjectConfigurationPlatforms) = postSolution
		{4BC610C4-185C-4A20-B833-FD67ADE7A8D8}.Debug|Any CPU.ActiveCfg = Debug|Any CPU
		{4BC610C4-185C-4A20-B833-FD67ADE7A8D8}.Debug|Any CPU.Build.0 = Debug|Any CPU
		{4BC610C4-185C-4A20-B833-FD67ADE7A8D8}.Release|Any CPU.ActiveCfg = Release|Any CPU
		{4BC610C4-185C-4A20-B833-FD67ADE7A8D8}.Release|Any CPU.Build.0 = Release|Any CPU
		{EC46DD8E-1E01-43FE-9861-9E3773F16308}.Debug|Any CPU.ActiveCfg = Debug|Any CPU
		{EC46DD8E-1E01-43FE-9861-9E3773F16308}.Debug|Any CPU.Build.0 = Debug|Any CPU
		{EC46DD8E-1E01-43FE-9861-9E3773F16308}.Release|Any CPU.ActiveCfg = Release|Any CPU
		{EC46DD8E-1E01-43FE-9861-9E3773F16308}.Release|Any CPU.Build.0 = Release|Any CPU
		{D93BD403-A8EC-483B-B07C-79B89E56F9E7}.Debug|Any CPU.ActiveCfg = Debug|Any CPU
		{D93BD403-A8EC-483B-B07C-79B89E56F9E7}.Debug|Any CPU.Build.0 = Debug|Any CPU
		{D93BD403-A8EC-483B-B07C-79B89E56F9E7}.Release|Any CPU.ActiveCfg = Release|Any CPU
		{D93BD403-A8EC-483B-B07C-79B89E56F9E7}.Release|Any CPU.Build.0 = Release|Any CPU
		{BCFC7F80-3D7C-451F-9CFC-806F9F8DACEE}.Debug|Any CPU.ActiveCfg = Debug|Any CPU
		{BCFC7F80-3D7C-451F-9CFC-806F9F8DACEE}.Debug|Any CPU.Build.0 = Debug|Any CPU
		{BCFC7F80-3D7C-451F-9CFC-806F9F8DACEE}.Release|Any CPU.ActiveCfg = Release|Any CPU
		{BCFC7F80-3D7C-451F-9CFC-806F9F8DACEE}.Release|Any CPU.Build.0 = Release|Any CPU
		{F994225E-4C6A-4AD6-84D4-98D23FC70AE2}.Debug|Any CPU.ActiveCfg = Debug|Any CPU
		{F994225E-4C6A-4AD6-84D4-98D23FC70AE2}.Debug|Any CPU.Build.0 = Debug|Any CPU
		{F994225E-4C6A-4AD6-84D4-98D23FC70AE2}.Release|Any CPU.ActiveCfg = Release|Any CPU
		{F994225E-4C6A-4AD6-84D4-98D23FC70AE2}.Release|Any CPU.Build.0 = Release|Any CPU
		{B0CD8B0A-781E-4E4F-9C1B-E705FF8BE734}.Debug|Any CPU.ActiveCfg = Debug|Any CPU
		{B0CD8B0A-781E-4E4F-9C1B-E705FF8BE734}.Debug|Any CPU.Build.0 = Debug|Any CPU
		{B0CD8B0A-781E-4E4F-9C1B-E705FF8BE734}.Release|Any CPU.ActiveCfg = Release|Any CPU
		{B0CD8B0A-781E-4E4F-9C1B-E705FF8BE734}.Release|Any CPU.Build.0 = Release|Any CPU
	EndGlobalSection
	GlobalSection(SolutionProperties) = preSolution
		HideSolutionNode = FALSE
	EndGlobalSection
	GlobalSection(NestedProjects) = preSolution
		{ED8DCEF5-E01F-4774-A034-9EA24C3D3D08} = {46F35956-AA2F-462F-9E0E-695CA44755EF}
		{4BC610C4-185C-4A20-B833-FD67ADE7A8D8} = {ED8DCEF5-E01F-4774-A034-9EA24C3D3D08}
		{06E6FAF6-B851-4541-A2A1-8EF62508E8D1} = {46F35956-AA2F-462F-9E0E-695CA44755EF}
		{EC46DD8E-1E01-43FE-9861-9E3773F16308} = {06E6FAF6-B851-4541-A2A1-8EF62508E8D1}
		{AA6BA4A3-2C81-431D-B673-40DD72392324} = {46F35956-AA2F-462F-9E0E-695CA44755EF}
		{D99001C7-0652-4BFD-901C-45984B432348} = {AA6BA4A3-2C81-431D-B673-40DD72392324}
		{CBC99C8E-FF02-420C-A610-7F337FC8908D} = {AA6BA4A3-2C81-431D-B673-40DD72392324}
		{7BB772F7-003F-4060-A634-7FFC409D0278} = {AA6BA4A3-2C81-431D-B673-40DD72392324}
		{D93BD403-A8EC-483B-B07C-79B89E56F9E7} = {D99001C7-0652-4BFD-901C-45984B432348}
		{BCFC7F80-3D7C-451F-9CFC-806F9F8DACEE} = {D99001C7-0652-4BFD-901C-45984B432348}
		{F994225E-4C6A-4AD6-84D4-98D23FC70AE2} = {CBC99C8E-FF02-420C-A610-7F337FC8908D}
		{B0CD8B0A-781E-4E4F-9C1B-E705FF8BE734} = {7BB772F7-003F-4060-A634-7FFC409D0278}
	EndGlobalSection
EndGlobal
